{
  "name": "gun-db-playground",
  "version": "1.0.0",
  "lockfileVersion": 1,
  "requires": true,
  "dependencies": {
    "@peculiar/asn1-schema": {
      "version": "2.0.44",
      "resolved": "https://registry.npmjs.org/@peculiar/asn1-schema/-/asn1-schema-2.0.44.tgz",
      "integrity": "sha512-uaCnjQ9A9WwQSMuDJcNOCYEPXTahgKbFMvI7eMOMd8lXgx0J1eU7F3BoMsK5PFxa3dVUxjSQbaOjfgGoeHGgoQ==",
      "optional": true,
      "requires": {
        "@types/asn1js": "^2.0.2",
        "asn1js": "^2.1.1",
        "pvtsutils": "^1.2.1",
        "tslib": "^2.3.0"
      }
    },
    "@peculiar/json-schema": {
      "version": "1.1.12",
      "resolved": "https://registry.npmjs.org/@peculiar/json-schema/-/json-schema-1.1.12.tgz",
      "integrity": "sha512-coUfuoMeIB7B8/NMekxaDzLhaYmp0HZNPEjYRm9goRou8UZIC3z21s0sL9AWoCw4EG876QyO3kYrc61WNF9B/w==",
      "optional": true,
      "requires": {
        "tslib": "^2.0.0"
      }
    },
    "@peculiar/webcrypto": {
      "version": "1.2.3",
      "resolved": "https://registry.npmjs.org/@peculiar/webcrypto/-/webcrypto-1.2.3.tgz",
      "integrity": "sha512-q7wDfZy3k/tpnsYB23/MyyDkjn6IdHh8w+xwoVMS5cu6CjVoFzngXDZEOOuSE4zus2yO6ciQhhHxd4XkLpwVnQ==",
      "optional": true,
      "requires": {
        "@peculiar/asn1-schema": "^2.0.44",
        "@peculiar/json-schema": "^1.1.12",
        "pvtsutils": "^1.2.1",
        "tslib": "^2.3.1",
        "webcrypto-core": "^1.4.0"
      }
    },
    "@types/asn1js": {
      "version": "2.0.2",
      "resolved": "https://registry.npmjs.org/@types/asn1js/-/asn1js-2.0.2.tgz",
      "integrity": "sha512-t4YHCgtD+ERvH0FyxvNlYwJ2ezhqw7t+Ygh4urQ7dJER8i185JPv6oIM3ey5YQmGN6Zp9EMbpohkjZi9t3UxwA==",
      "optional": true
    },
    "addressparser": {
      "version": "0.3.2",
      "resolved": "https://registry.npmjs.org/addressparser/-/addressparser-0.3.2.tgz",
      "integrity": "sha1-WYc/Nej89sc2HBAjkmHXbhU0i7I=",
      "optional": true
    },
    "asn1js": {
      "version": "2.2.0",
      "resolved": "https://registry.npmjs.org/asn1js/-/asn1js-2.2.0.tgz",
      "integrity": "sha512-oagLNqpfNv7CvmyMoexMDNyVDSiq1rya0AEUgcLlNHdHgNl6U/hi8xY370n5y+ZIFEXOx0J4B1qF2NDjMRxklA==",
      "optional": true,
      "requires": {
        "pvutils": "^1.0.17"
      }
    },
    "emailjs": {
      "version": "2.2.0",
      "resolved": "https://registry.npmjs.org/emailjs/-/emailjs-2.2.0.tgz",
      "integrity": "sha1-ulsj5KSwpFEPZS6HOxVOlAe2ygM=",
      "optional": true,
      "requires": {
        "addressparser": "^0.3.2",
        "emailjs-mime-codec": "^2.0.7"
      }
    },
    "emailjs-base64": {
      "version": "1.1.4",
      "resolved": "https://registry.npmjs.org/emailjs-base64/-/emailjs-base64-1.1.4.tgz",
      "integrity": "sha512-4h0xp1jgVTnIQBHxSJWXWanNnmuc5o+k4aHEpcLXSToN8asjB5qbXAexs7+PEsUKcEyBteNYsSvXUndYT2CGGA==",
      "optional": true
    },
    "emailjs-mime-codec": {
      "version": "2.0.9",
      "resolved": "https://registry.npmjs.org/emailjs-mime-codec/-/emailjs-mime-codec-2.0.9.tgz",
      "integrity": "sha512-7qJo4pFGcKlWh/kCeNjmcgj34YoJWY0ekZXEHYtluWg4MVBnXqGM4CRMtZQkfYwitOhUgaKN5EQktJddi/YIDQ==",
      "optional": true,
      "requires": {
        "emailjs-base64": "^1.1.4",
        "ramda": "^0.26.1",
        "text-encoding": "^0.7.0"
      }
    },
    "gun": {
      "version": "0.2020.1235",
      "resolved": "https://registry.npmjs.org/gun/-/gun-0.2020.1235.tgz",
      "integrity": "sha512-aba6s0X/MCCOByt0T3VrMzMMUEblfN2aLV2bAmIQWjkB7SKnm07zAZWigljwI69Rb5sOw7C1G116UyvCM2p9kA==",
      "requires": {
        "@peculiar/webcrypto": "^1.1.1",
        "emailjs": "^2.2.0",
        "ws": "^7.2.1"
      }
    },
    "pvtsutils": {
      "version": "1.2.1",
      "resolved": "https://registry.npmjs.org/pvtsutils/-/pvtsutils-1.2.1.tgz",
      "integrity": "sha512-Q867jEr30lBR2YSFFLZ0/XsEvpweqH6Kj096wmlRAFXrdRGPCNq2iz9B5Tk085EZ+OBZyYAVA5UhPkjSHGrUzQ==",
      "optional": true,
      "requires": {
        "tslib": "^2.3.1"
      }
    },
    "pvutils": {
      "version": "1.0.17",
      "resolved": "https://registry.npmjs.org/pvutils/-/pvutils-1.0.17.tgz",
      "integrity": "sha512-wLHYUQxWaXVQvKnwIDWFVKDJku9XDCvyhhxoq8dc5MFdIlRenyPI9eSfEtcvgHgD7FlvCyGAlWgOzRnZD99GZQ==",
      "optional": true
    },
    "ramda": {
      "version": "0.26.1",
      "resolved": "https://registry.npmjs.org/ramda/-/ramda-0.26.1.tgz",
      "integrity": "sha512-hLWjpy7EnsDBb0p+Z3B7rPi3GDeRG5ZtiI33kJhTt+ORCd38AbAIjB/9zRIUoeTbE/AVX5ZkU7m6bznsvrf8eQ==",
      "optional": true
    },
    "text-encoding": {
      "version": "0.7.0",
      "resolved": "https://registry.npmjs.org/text-encoding/-/text-encoding-0.7.0.tgz",
      "integrity": "sha512-oJQ3f1hrOnbRLOcwKz0Liq2IcrvDeZRHXhd9RgLrsT+DjWY/nty1Hi7v3dtkaEYbPYe0mUoOfzRrMwfXXwgPUA==",
      "optional": true
    },
    "tslib": {
      "version": "2.3.1",
      "resolved": "https://registry.npmjs.org/tslib/-/tslib-2.3.1.tgz",
      "integrity": "sha512-77EbyPPpMz+FRFRuAFlWMtmgUWGe9UOG2Z25NqCwiIjRhOf5iKGuzSe5P2w1laq+FkRy4p+PCuVkJSGkzTEKVw==",
      "optional": true
    },
    "webcrypto-core": {
      "version": "1.4.0",
      "resolved": "https://registry.npmjs.org/webcrypto-core/-/webcrypto-core-1.4.0.tgz",
      "integrity": "sha512-HY3Zo0GcRIQUUDnlZ/shGjN+4f7LVMkdJZoGPog+oHhJsJdMz6iM8Za5xZ0t6qg7Fx/JXXz+oBv2J2p982hGTQ==",
      "optional": true,
      "requires": {
        "@peculiar/asn1-schema": "^2.0.44",
        "@peculiar/json-schema": "^1.1.12",
        "asn1js": "^2.1.1",
        "pvtsutils": "^1.2.0",
        "tslib": "^2.3.1"
      }
    },
    "ws": {
      "version": "7.5.6",
      "resolved": "https://registry.npmjs.org/ws/-/ws-7.5.6.tgz",
      "integrity": "sha512-6GLgCqo2cy2A2rjCNFlxQS6ZljG/coZfZXclldI8FB/1G3CCI36Zd8xy2HrFVACi8tfk5XrgLQEk+P0Tnz9UcA=="
    }
  }
}
