{
  "name": "bun-playground",
  "lockfileVersion": 3,
  "requires": true,
  "packages": {
    "": {
      "name": "bun-playground",
      "devDependencies": {
        "@types/bun": "latest",
        "reflect-metadata": "^0.2.2"
      },
      "peerDependencies": {
        "typescript": "^5.4.5"
      }
    },
    "node_modules/@types/bun": {
      "version": "1.1.10",
      "resolved": "https://registry.npmjs.org/@types/bun/-/bun-1.1.10.tgz",
      "integrity": "sha512-76KYVSwrHwr9zsnk6oLXOGs9KvyBg3U066GLO4rk6JZk1ypEPGCUDZ5yOiESyIHWs9cx9iC8r01utYN32XdmgA==",
      "dev": true,
      "dependencies": {
        "bun-types": "1.1.29"
      }
    },
    "node_modules/@types/node": {
      "version": "20.12.14",
      "resolved": "https://registry.npmjs.org/@types/node/-/node-20.12.14.tgz",
      "integrity": "sha512-scnD59RpYD91xngrQQLGkE+6UrHUPzeKZWhhjBSa3HSkwjbQc38+q3RoIVEwxQGRw3M+j5hpNAM+lgV3cVormg==",
      "dev": true,
      "dependencies": {
        "undici-types": "~5.26.4"
      }
    },
    "node_modules/@types/ws": {
      "version": "8.5.12",
      "resolved": "https://registry.npmjs.org/@types/ws/-/ws-8.5.12.tgz",
      "integrity": "sha512-3tPRkv1EtkDpzlgyKyI8pGsGZAGPEaXeu0DOj5DI25Ja91bdAYddYHbADRYVrZMRbfW+1l5YwXVDKohDJNQxkQ==",
      "dev": true,
      "dependencies": {
        "@types/node": "*"
      }
    },
    "node_modules/bun-types": {
      "version": "1.1.29",
      "resolved": "https://registry.npmjs.org/bun-types/-/bun-types-1.1.29.tgz",
      "integrity": "sha512-En3/TzSPMPyl5UlUB1MHzHpcrZDakTm7mS203eLoX1fBoEa3PW+aSS8GAqVJ7Is/m34Z5ogL+ECniLY0uDaCPw==",
      "dev": true,
      "dependencies": {
        "@types/node": "~20.12.8",
        "@types/ws": "~8.5.10"
      }
    },
    "node_modules/reflect-metadata": {
      "version": "0.2.2",
      "resolved": "https://registry.npmjs.org/reflect-metadata/-/reflect-metadata-0.2.2.tgz",
      "integrity": "sha512-urBwgfrvVP/eAyXx4hluJivBKzuEbSQs9rKWCrCkbSxNv8mxPcUZKeuoF3Uy4mJl3Lwprp6yy5/39VWigZ4K6Q==",
      "dev": true
    },
    "node_modules/typescript": {
      "version": "5.6.2",
      "resolved": "https://registry.npmjs.org/typescript/-/typescript-5.6.2.tgz",
      "integrity": "sha512-NW8ByodCSNCwZeghjN3o+JX5OFH0Ojg6sadjEKY4huZ52TqbJTJnDo5+Tw98lSy63NZvi4n+ez5m2u5d4PkZyw==",
      "peer": true,
      "bin": {
        "tsc": "bin/tsc",
        "tsserver": "bin/tsserver"
      },
      "engines": {
        "node": ">=14.17"
      }
    },
    "node_modules/undici-types": {
      "version": "5.26.5",
      "resolved": "https://registry.npmjs.org/undici-types/-/undici-types-5.26.5.tgz",
      "integrity": "sha512-JlCMO+ehdEIKqlFxk6IfVoAUVmgz7cU7zD/h9XZ0qzeosSHmUJVOzSQvvYSYWXkFXC+IfLKSIffhv0sVZup6pA==",
      "dev": true
    }
  }
}
