{
  "name": "bpmn-playground",
  "version": "1.0.0",
  "lockfileVersion": 1,
  "requires": true,
  "dependencies": {
    "bpmn-elements": {
      "version": "0.11.0",
      "resolved": "https://registry.npmjs.org/bpmn-elements/-/bpmn-elements-0.11.0.tgz",
      "integrity": "sha512-NJiscfaEW/m+XFr0lX7l+LmK7xAWJodTcmEGwkLffHF94uRCVVIf8A/DD3kK4iwhX60g388DfqVBV4DgdIwVWQ==",
      "requires": {
        "iso8601-duration": "^1.2.0",
        "smqp": "^1.10.0"
      }
    },
    "bpmn-engine": {
      "version": "8.4.0",
      "resolved": "https://registry.npmjs.org/bpmn-engine/-/bpmn-engine-8.4.0.tgz",
      "integrity": "sha512-7NJ91T1YbtVtle6qKT4+RQYfnVlFX8VQ9IErmRXVoGyEbMBTcn+rgXeH2PZtzA6CXqxZADJn7ql8bhe0L+x+dg==",
      "requires": {
        "bpmn-elements": "^0.11.0",
        "bpmn-moddle": "^6.0.0",
        "debug": "^4.1.1",
        "moddle-context-serializer": "^0.11.0",
        "smqp": "^1.10.0"
      }
    },
    "bpmn-moddle": {
      "version": "6.0.0",
      "resolved": "https://registry.npmjs.org/bpmn-moddle/-/bpmn-moddle-6.0.0.tgz",
      "integrity": "sha512-/yi7LBT4MFWsv5fmQD7/aeCZC94Ot8onADiJMQkosY2XGN85cVmOpPdmo8FfBu+6gjI9EWUnnUWjjY1SDVLeXw==",
      "requires": {
        "min-dash": "^3.0.0",
        "moddle": "^5.0.1",
        "moddle-xml": "^8.0.1"
      }
    },
    "debug": {
      "version": "4.1.1",
      "resolved": "https://registry.npmjs.org/debug/-/debug-4.1.1.tgz",
      "integrity": "sha512-pYAIzeRo8J6KPEaJ0VWOh5Pzkbw/RetuzehGM7QRRX5he4fPHx2rdKMB256ehJCkX+XRQm16eZLqLNS8RSZXZw==",
      "requires": {
        "ms": "^2.1.1"
      }
    },
    "iso8601-duration": {
      "version": "1.2.0",
      "resolved": "https://registry.npmjs.org/iso8601-duration/-/iso8601-duration-1.2.0.tgz",
      "integrity": "sha512-ErTBd++b17E8nmWII1K1uZtBgD1E8RjyvwmxlCjPHNqHMD7gmcMHOw0E8Ro/6+QT4PhHRSnnMo7bxa1vFPkwhg=="
    },
    "min-dash": {
      "version": "3.5.2",
      "resolved": "https://registry.npmjs.org/min-dash/-/min-dash-3.5.2.tgz",
      "integrity": "sha512-YVbJZUtnzT5QsgJUp9H9uyJTW6NJgswFqI27RI/+MSox860uIjaGMbSQBftEzbMXiJVRG24hpoIh3SG666SHgA=="
    },
    "moddle": {
      "version": "5.0.1",
      "resolved": "https://registry.npmjs.org/moddle/-/moddle-5.0.1.tgz",
      "integrity": "sha512-RB9NCYxbnQLiY1ZJ8Y61+I8TBEmmyaMr8Tj0+fJHN8Fm6l5NqojDy1s4LNDxq+omvug4gnzERMgT8uwNsADDvw==",
      "requires": {
        "min-dash": "^3.0.0"
      }
    },
    "moddle-context-serializer": {
      "version": "0.11.0",
      "resolved": "https://registry.npmjs.org/moddle-context-serializer/-/moddle-context-serializer-0.11.0.tgz",
      "integrity": "sha512-UAjSCeeHw668mk2HLEhWM4tipiflM83MWCE5VNVoBa1q2nDJG5HF7ikpeBpBRr/s8ZK0wcNw91eYgomeI3wrpA=="
    },
    "moddle-xml": {
      "version": "8.0.1",
      "resolved": "https://registry.npmjs.org/moddle-xml/-/moddle-xml-8.0.1.tgz",
      "integrity": "sha512-aeMpZTFv5Vm5sKXtRRIoXb/4eMssNWjsvb0MNPe7g8x3F2cRmQa2AwT8gnjtlefHwmCxQRbIoP2kutmqfgoKzg==",
      "requires": {
        "min-dash": "^3.0.0",
        "moddle": "^5.0.1",
        "saxen": "^8.1.0"
      }
    },
    "ms": {
      "version": "2.1.2",
      "resolved": "https://registry.npmjs.org/ms/-/ms-2.1.2.tgz",
      "integrity": "sha512-sGkPx+VjMtmA6MX27oA4FBFELFCZZ4S4XqeGOXCv68tT+jb3vk/RyaKWP0PTKyWtmLSM0b+adUTEvbs1PEaH2w=="
    },
    "saxen": {
      "version": "8.1.0",
      "resolved": "https://registry.npmjs.org/saxen/-/saxen-8.1.0.tgz",
      "integrity": "sha512-34U5SdDUxECB5Jkwbc2mAdxHyGvbfCHv0iHgf+x2jaYLlwsPpju9651Lld9CpFpF4zJsoWcF3Q05blXXNOb/cg=="
    },
    "smqp": {
      "version": "1.10.0",
      "resolved": "https://registry.npmjs.org/smqp/-/smqp-1.10.0.tgz",
      "integrity": "sha512-HLu2DCi/h7f7NSSsbxQ75WcpBsDlceHARn37dVWlgAoX437kzWm3ao/C7adJT88X236ssvqsC763UtNZIdgT/Q=="
    }
  }
}
