Microsoft Visual Studio Solution File, Format Version 12.00
# Visual Studio 2012
Project("{D6F81279-2784-C388-5012-5E2ACCDB72A1}") = "GameFramework", "Assembly-CSharp-firstpass.csproj", "{DBB706A6-C929-0EF5-45C1-A30A7E72F66C}"
EndProject
Project("{D6F81279-2784-C388-5012-5E2ACCDB72A1}") = "GameFramework", "Assembly-CSharp.csproj", "{3BA0E4D3-6182-230A-D46D-44EBBAF70F90}"
EndProject
Project("{D6F81279-2784-C388-5012-5E2ACCDB72A1}") = "GameFramework", "Assembly-CSharp-Editor-firstpass.csproj", "{C3C33E9F-9C38-2E01-58A7-5E71B78998DE}"
EndProject
Global
	GlobalSection(SolutionConfigurationPlatforms) = preSolution
		Debug|Any CPU = Debug|Any CPU
		Release|Any CPU = Release|Any CPU
	EndGlobalSection
	GlobalSection(ProjectConfigurationPlatforms) = postSolution
		{DBB706A6-C929-0EF5-45C1-A30A7E72F66C}.Debug|Any CPU.ActiveCfg = Debug|Any CPU
		{DBB706A6-C929-0EF5-45C1-A30A7E72F66C}.Debug|Any CPU.Build.0 = Debug|Any CPU
		{DBB706A6-C929-0EF5-45C1-A30A7E72F66C}.Release|Any CPU.ActiveCfg = Release|Any CPU
		{DBB706A6-C929-0EF5-45C1-A30A7E72F66C}.Release|Any CPU.Build.0 = Release|Any CPU
		{3BA0E4D3-6182-230A-D46D-44EBBAF70F90}.Debug|Any CPU.ActiveCfg = Debug|Any CPU
		{3BA0E4D3-6182-230A-D46D-44EBBAF70F90}.Debug|Any CPU.Build.0 = Debug|Any CPU
		{3BA0E4D3-6182-230A-D46D-44EBBAF70F90}.Release|Any CPU.ActiveCfg = Release|Any CPU
		{3BA0E4D3-6182-230A-D46D-44EBBAF70F90}.Release|Any CPU.Build.0 = Release|Any CPU
		{C3C33E9F-9C38-2E01-58A7-5E71B78998DE}.Debug|Any CPU.ActiveCfg = Debug|Any CPU
		{C3C33E9F-9C38-2E01-58A7-5E71B78998DE}.Debug|Any CPU.Build.0 = Debug|Any CPU
		{C3C33E9F-9C38-2E01-58A7-5E71B78998DE}.Release|Any CPU.ActiveCfg = Release|Any CPU
		{C3C33E9F-9C38-2E01-58A7-5E71B78998DE}.Release|Any CPU.Build.0 = Release|Any CPU
	EndGlobalSection
	GlobalSection(MonoDevelopProperties) = preSolution
		StartupItem = Assembly-CSharp.csproj
	EndGlobalSection
EndGlobal
