{
  "name": "normalizr_playground",
  "version": "1.0.0",
  "lockfileVersion": 1,
  "requires": true,
  "dependencies": {
    "normalizr": {
      "version": "3.4.0",
      "resolved": "https://registry.npmjs.org/normalizr/-/normalizr-3.4.0.tgz",
      "integrity": "sha512-0dQLKpvsSb2f+vZwj78L855OMn9aeMQ0dQhduRqX3GkJh+k6rN9kcftxBV/VkW1n4q9OuV6F43Angn+pNbjg9w=="
    }
  }
}
