// !$*UTF8*$!
{
	archiveVersion = 1;
	classes = {
	};
	objectVersion = 46;
	objects = {

/* Begin PBXBuildFile section */
		2101D66E1C3F5C350049D89A /* Jockey.m in Sources */ = {isa = PBXBuildFile; fileRef = 2101D66D1C3F5C350049D89A /* Jockey.m */; };
		212D834C1C3E6810002ADB95 /* MTPopupWindow.m in Sources */ = {isa = PBXBuildFile; fileRef = 21ED428E1C3E0BFE005C41DC /* MTPopupWindow.m */; settings = {COMPILER_FLAGS = "-fno-objc-arc"; }; };
		212D834D1C3E6815002ADB95 /* MTPopupWindow.h in CopyFiles */ = {isa = PBXBuildFile; fileRef = 21ED428D1C3E0BFE005C41DC /* MTPopupWindow.h */; };
		214FA2701C3A85E2003CEE49 /* iOSPlugin.h in CopyFiles */ = {isa = PBXBuildFile; fileRef = 214FA26F1C3A85E2003CEE49 /* iOSPlugin.h */; };
		214FA2721C3A85E2003CEE49 /* iOSPlugin.m in Sources */ = {isa = PBXBuildFile; fileRef = 214FA2711C3A85E2003CEE49 /* iOSPlugin.m */; };
		216D4C941C3CCAA00035AEF2 /* UIKit.framework in Frameworks */ = {isa = PBXBuildFile; fileRef = 216D4C931C3CCAA00035AEF2 /* UIKit.framework */; };
		21F353AC1C3BC27100EB3F21 /* iOSPluginBridge.mm in Sources */ = {isa = PBXBuildFile; fileRef = 21F353AA1C3BC27100EB3F21 /* iOSPluginBridge.mm */; };
		21F353AD1C3BC2AB00EB3F21 /* iOSPluginBridge.hpp in CopyFiles */ = {isa = PBXBuildFile; fileRef = 21F353AB1C3BC27100EB3F21 /* iOSPluginBridge.hpp */; };
		21FE4FDB1C3CFA1E00EB193F /* Foundation.framework in Frameworks */ = {isa = PBXBuildFile; fileRef = 21FE4FDA1C3CFA1E00EB193F /* Foundation.framework */; };
		21FE4FDD1C3CFA2400EB193F /* CoreGraphics.framework in Frameworks */ = {isa = PBXBuildFile; fileRef = 21FE4FDC1C3CFA2400EB193F /* CoreGraphics.framework */; };
/* End PBXBuildFile section */

/* Begin PBXCopyFilesBuildPhase section */
		214FA26A1C3A85E2003CEE49 /* CopyFiles */ = {
			isa = PBXCopyFilesBuildPhase;
			buildActionMask = 2147483647;
			dstPath = "include/$(PRODUCT_NAME)";
			dstSubfolderSpec = 16;
			files = (
				214FA2701C3A85E2003CEE49 /* iOSPlugin.h in CopyFiles */,
				21F353AD1C3BC2AB00EB3F21 /* iOSPluginBridge.hpp in CopyFiles */,
				212D834D1C3E6815002ADB95 /* MTPopupWindow.h in CopyFiles */,
			);
			runOnlyForDeploymentPostprocessing = 0;
		};
/* End PBXCopyFilesBuildPhase section */

/* Begin PBXFileReference section */
		2101D66C1C3F5C350049D89A /* Jockey.h */ = {isa = PBXFileReference; fileEncoding = 4; lastKnownFileType = sourcecode.c.h; path = Jockey.h; sourceTree = "<group>"; };
		2101D66D1C3F5C350049D89A /* Jockey.m */ = {isa = PBXFileReference; fileEncoding = 4; lastKnownFileType = sourcecode.c.objc; path = Jockey.m; sourceTree = "<group>"; };
		214FA26C1C3A85E2003CEE49 /* libiOSPlugin.a */ = {isa = PBXFileReference; explicitFileType = archive.ar; includeInIndex = 0; path = libiOSPlugin.a; sourceTree = BUILT_PRODUCTS_DIR; };
		214FA26F1C3A85E2003CEE49 /* iOSPlugin.h */ = {isa = PBXFileReference; lastKnownFileType = sourcecode.c.h; path = iOSPlugin.h; sourceTree = "<group>"; };
		214FA2711C3A85E2003CEE49 /* iOSPlugin.m */ = {isa = PBXFileReference; lastKnownFileType = sourcecode.c.objc; path = iOSPlugin.m; sourceTree = "<group>"; };
		216D4C931C3CCAA00035AEF2 /* UIKit.framework */ = {isa = PBXFileReference; lastKnownFileType = wrapper.framework; name = UIKit.framework; path = System/Library/Frameworks/UIKit.framework; sourceTree = SDKROOT; };
		21ED428D1C3E0BFE005C41DC /* MTPopupWindow.h */ = {isa = PBXFileReference; fileEncoding = 4; lastKnownFileType = sourcecode.c.h; path = MTPopupWindow.h; sourceTree = "<group>"; };
		21ED428E1C3E0BFE005C41DC /* MTPopupWindow.m */ = {isa = PBXFileReference; fileEncoding = 4; lastKnownFileType = sourcecode.c.objc; path = MTPopupWindow.m; sourceTree = "<group>"; };
		21ED42911C3E0C0D005C41DC /* popupCloseBtn.png */ = {isa = PBXFileReference; lastKnownFileType = image.png; path = popupCloseBtn.png; sourceTree = "<group>"; };
		21ED42921C3E0C0D005C41DC /* popupCloseBtn@2x.png */ = {isa = PBXFileReference; lastKnownFileType = image.png; path = "popupCloseBtn@2x.png"; sourceTree = "<group>"; };
		21ED42931C3E0C0D005C41DC /* popupWindowBack.png */ = {isa = PBXFileReference; lastKnownFileType = image.png; path = popupWindowBack.png; sourceTree = "<group>"; };
		21ED42941C3E0C0D005C41DC /* popupWindowBack@2x.png */ = {isa = PBXFileReference; lastKnownFileType = image.png; path = "popupWindowBack@2x.png"; sourceTree = "<group>"; };
		21F353AA1C3BC27100EB3F21 /* iOSPluginBridge.mm */ = {isa = PBXFileReference; fileEncoding = 4; lastKnownFileType = sourcecode.cpp.objcpp; path = iOSPluginBridge.mm; sourceTree = "<group>"; };
		21F353AB1C3BC27100EB3F21 /* iOSPluginBridge.hpp */ = {isa = PBXFileReference; fileEncoding = 4; lastKnownFileType = sourcecode.cpp.h; path = iOSPluginBridge.hpp; sourceTree = "<group>"; };
		21FE4FDA1C3CFA1E00EB193F /* Foundation.framework */ = {isa = PBXFileReference; lastKnownFileType = wrapper.framework; name = Foundation.framework; path = System/Library/Frameworks/Foundation.framework; sourceTree = SDKROOT; };
		21FE4FDC1C3CFA2400EB193F /* CoreGraphics.framework */ = {isa = PBXFileReference; lastKnownFileType = wrapper.framework; name = CoreGraphics.framework; path = System/Library/Frameworks/CoreGraphics.framework; sourceTree = SDKROOT; };
/* End PBXFileReference section */

/* Begin PBXFrameworksBuildPhase section */
		214FA2691C3A85E2003CEE49 /* Frameworks */ = {
			isa = PBXFrameworksBuildPhase;
			buildActionMask = 2147483647;
			files = (
				21FE4FDD1C3CFA2400EB193F /* CoreGraphics.framework in Frameworks */,
				21FE4FDB1C3CFA1E00EB193F /* Foundation.framework in Frameworks */,
				216D4C941C3CCAA00035AEF2 /* UIKit.framework in Frameworks */,
			);
			runOnlyForDeploymentPostprocessing = 0;
		};
/* End PBXFrameworksBuildPhase section */

/* Begin PBXGroup section */
		2101D6681C3F5B8C0049D89A /* JockeyJS */ = {
			isa = PBXGroup;
			children = (
				2101D66C1C3F5C350049D89A /* Jockey.h */,
				2101D66D1C3F5C350049D89A /* Jockey.m */,
			);
			name = JockeyJS;
			sourceTree = "<group>";
		};
		214FA2631C3A85E2003CEE49 = {
			isa = PBXGroup;
			children = (
				2101D6681C3F5B8C0049D89A /* JockeyJS */,
				21ED428C1C3E0BF0005C41DC /* MTPopupWindow */,
				216D4C921C3CCA840035AEF2 /* Frameworks */,
				214FA26E1C3A85E2003CEE49 /* iOSPlugin */,
				214FA26D1C3A85E2003CEE49 /* Products */,
			);
			sourceTree = "<group>";
		};
		214FA26D1C3A85E2003CEE49 /* Products */ = {
			isa = PBXGroup;
			children = (
				214FA26C1C3A85E2003CEE49 /* libiOSPlugin.a */,
			);
			name = Products;
			sourceTree = "<group>";
		};
		214FA26E1C3A85E2003CEE49 /* iOSPlugin */ = {
			isa = PBXGroup;
			children = (
				214FA26F1C3A85E2003CEE49 /* iOSPlugin.h */,
				214FA2711C3A85E2003CEE49 /* iOSPlugin.m */,
				21F353AA1C3BC27100EB3F21 /* iOSPluginBridge.mm */,
				21F353AB1C3BC27100EB3F21 /* iOSPluginBridge.hpp */,
			);
			path = iOSPlugin;
			sourceTree = "<group>";
		};
		216D4C921C3CCA840035AEF2 /* Frameworks */ = {
			isa = PBXGroup;
			children = (
				21FE4FDC1C3CFA2400EB193F /* CoreGraphics.framework */,
				21FE4FDA1C3CFA1E00EB193F /* Foundation.framework */,
				216D4C931C3CCAA00035AEF2 /* UIKit.framework */,
			);
			name = Frameworks;
			sourceTree = "<group>";
		};
		21ED428C1C3E0BF0005C41DC /* MTPopupWindow */ = {
			isa = PBXGroup;
			children = (
				21ED42901C3E0C03005C41DC /* Assets */,
				21ED428D1C3E0BFE005C41DC /* MTPopupWindow.h */,
				21ED428E1C3E0BFE005C41DC /* MTPopupWindow.m */,
			);
			name = MTPopupWindow;
			sourceTree = "<group>";
		};
		21ED42901C3E0C03005C41DC /* Assets */ = {
			isa = PBXGroup;
			children = (
				21ED42911C3E0C0D005C41DC /* popupCloseBtn.png */,
				21ED42921C3E0C0D005C41DC /* popupCloseBtn@2x.png */,
				21ED42931C3E0C0D005C41DC /* popupWindowBack.png */,
				21ED42941C3E0C0D005C41DC /* popupWindowBack@2x.png */,
			);
			name = Assets;
			sourceTree = "<group>";
		};
/* End PBXGroup section */

/* Begin PBXNativeTarget section */
		214FA26B1C3A85E2003CEE49 /* iOSPlugin */ = {
			isa = PBXNativeTarget;
			buildConfigurationList = 214FA2751C3A85E2003CEE49 /* Build configuration list for PBXNativeTarget "iOSPlugin" */;
			buildPhases = (
				214FA2681C3A85E2003CEE49 /* Sources */,
				214FA26A1C3A85E2003CEE49 /* CopyFiles */,
				214FA2691C3A85E2003CEE49 /* Frameworks */,
			);
			buildRules = (
			);
			dependencies = (
			);
			name = iOSPlugin;
			productName = iOSPlugin;
			productReference = 214FA26C1C3A85E2003CEE49 /* libiOSPlugin.a */;
			productType = "com.apple.product-type.library.static";
		};
/* End PBXNativeTarget section */

/* Begin PBXProject section */
		214FA2641C3A85E2003CEE49 /* Project object */ = {
			isa = PBXProject;
			attributes = {
				LastUpgradeCheck = 0720;
				ORGANIZATIONNAME = "Bao Tran";
				TargetAttributes = {
					214FA26B1C3A85E2003CEE49 = {
						CreatedOnToolsVersion = 7.2;
					};
				};
			};
			buildConfigurationList = 214FA2671C3A85E2003CEE49 /* Build configuration list for PBXProject "iOSPlugin" */;
			compatibilityVersion = "Xcode 3.2";
			developmentRegion = English;
			hasScannedForEncodings = 0;
			knownRegions = (
				en,
			);
			mainGroup = 214FA2631C3A85E2003CEE49;
			productRefGroup = 214FA26D1C3A85E2003CEE49 /* Products */;
			projectDirPath = "";
			projectRoot = "";
			targets = (
				214FA26B1C3A85E2003CEE49 /* iOSPlugin */,
			);
		};
/* End PBXProject section */

/* Begin PBXSourcesBuildPhase section */
		214FA2681C3A85E2003CEE49 /* Sources */ = {
			isa = PBXSourcesBuildPhase;
			buildActionMask = 2147483647;
			files = (
				2101D66E1C3F5C350049D89A /* Jockey.m in Sources */,
				214FA2721C3A85E2003CEE49 /* iOSPlugin.m in Sources */,
				21F353AC1C3BC27100EB3F21 /* iOSPluginBridge.mm in Sources */,
				212D834C1C3E6810002ADB95 /* MTPopupWindow.m in Sources */,
			);
			runOnlyForDeploymentPostprocessing = 0;
		};
/* End PBXSourcesBuildPhase section */

/* Begin XCBuildConfiguration section */
		214FA2731C3A85E2003CEE49 /* Debug */ = {
			isa = XCBuildConfiguration;
			buildSettings = {
				ALWAYS_SEARCH_USER_PATHS = NO;
				CLANG_CXX_LANGUAGE_STANDARD = "gnu++0x";
				CLANG_CXX_LIBRARY = "libc++";
				CLANG_ENABLE_MODULES = YES;
				CLANG_ENABLE_OBJC_ARC = YES;
				CLANG_WARN_BOOL_CONVERSION = YES;
				CLANG_WARN_CONSTANT_CONVERSION = YES;
				CLANG_WARN_DIRECT_OBJC_ISA_USAGE = YES_ERROR;
				CLANG_WARN_EMPTY_BODY = YES;
				CLANG_WARN_ENUM_CONVERSION = YES;
				CLANG_WARN_INT_CONVERSION = YES;
				CLANG_WARN_OBJC_ROOT_CLASS = YES_ERROR;
				CLANG_WARN_UNREACHABLE_CODE = YES;
				CLANG_WARN__DUPLICATE_METHOD_MATCH = YES;
				"CODE_SIGN_IDENTITY[sdk=iphoneos*]" = "iPhone Developer";
				COPY_PHASE_STRIP = NO;
				DEBUG_INFORMATION_FORMAT = dwarf;
				ENABLE_STRICT_OBJC_MSGSEND = YES;
				ENABLE_TESTABILITY = YES;
				GCC_C_LANGUAGE_STANDARD = gnu99;
				GCC_DYNAMIC_NO_PIC = NO;
				GCC_NO_COMMON_BLOCKS = YES;
				GCC_OPTIMIZATION_LEVEL = 0;
				GCC_PREPROCESSOR_DEFINITIONS = (
					"DEBUG=1",
					"$(inherited)",
				);
				GCC_WARN_64_TO_32_BIT_CONVERSION = YES;
				GCC_WARN_ABOUT_RETURN_TYPE = YES_ERROR;
				GCC_WARN_UNDECLARED_SELECTOR = YES;
				GCC_WARN_UNINITIALIZED_AUTOS = YES_AGGRESSIVE;
				GCC_WARN_UNUSED_FUNCTION = YES;
				GCC_WARN_UNUSED_VARIABLE = YES;
				IPHONEOS_DEPLOYMENT_TARGET = 6.0;
				MTL_ENABLE_DEBUG_INFO = YES;
				ONLY_ACTIVE_ARCH = YES;
				SDKROOT = iphoneos;
			};
			name = Debug;
		};
		214FA2741C3A85E2003CEE49 /* Release */ = {
			isa = XCBuildConfiguration;
			buildSettings = {
				ALWAYS_SEARCH_USER_PATHS = NO;
				CLANG_CXX_LANGUAGE_STANDARD = "gnu++0x";
				CLANG_CXX_LIBRARY = "libc++";
				CLANG_ENABLE_MODULES = YES;
				CLANG_ENABLE_OBJC_ARC = YES;
				CLANG_WARN_BOOL_CONVERSION = YES;
				CLANG_WARN_CONSTANT_CONVERSION = YES;
				CLANG_WARN_DIRECT_OBJC_ISA_USAGE = YES_ERROR;
				CLANG_WARN_EMPTY_BODY = YES;
				CLANG_WARN_ENUM_CONVERSION = YES;
				CLANG_WARN_INT_CONVERSION = YES;
				CLANG_WARN_OBJC_ROOT_CLASS = YES_ERROR;
				CLANG_WARN_UNREACHABLE_CODE = YES;
				CLANG_WARN__DUPLICATE_METHOD_MATCH = YES;
				"CODE_SIGN_IDENTITY[sdk=iphoneos*]" = "iPhone Developer";
				COPY_PHASE_STRIP = NO;
				DEBUG_INFORMATION_FORMAT = "dwarf-with-dsym";
				ENABLE_NS_ASSERTIONS = NO;
				ENABLE_STRICT_OBJC_MSGSEND = YES;
				GCC_C_LANGUAGE_STANDARD = gnu99;
				GCC_NO_COMMON_BLOCKS = YES;
				GCC_WARN_64_TO_32_BIT_CONVERSION = YES;
				GCC_WARN_ABOUT_RETURN_TYPE = YES_ERROR;
				GCC_WARN_UNDECLARED_SELECTOR = YES;
				GCC_WARN_UNINITIALIZED_AUTOS = YES_AGGRESSIVE;
				GCC_WARN_UNUSED_FUNCTION = YES;
				GCC_WARN_UNUSED_VARIABLE = YES;
				IPHONEOS_DEPLOYMENT_TARGET = 6.0;
				MTL_ENABLE_DEBUG_INFO = NO;
				SDKROOT = iphoneos;
				VALIDATE_PRODUCT = YES;
			};
			name = Release;
		};
		214FA2761C3A85E2003CEE49 /* Debug */ = {
			isa = XCBuildConfiguration;
			buildSettings = {
				CLANG_ENABLE_OBJC_ARC = YES;
				ONLY_ACTIVE_ARCH = NO;
				OTHER_LDFLAGS = "-ObjC";
				PRODUCT_NAME = "$(TARGET_NAME)";
				SKIP_INSTALL = YES;
			};
			name = Debug;
		};
		214FA2771C3A85E2003CEE49 /* Release */ = {
			isa = XCBuildConfiguration;
			buildSettings = {
				CLANG_ENABLE_OBJC_ARC = YES;
				ONLY_ACTIVE_ARCH = NO;
				OTHER_LDFLAGS = "-ObjC";
				PRODUCT_NAME = "$(TARGET_NAME)";
				SKIP_INSTALL = YES;
			};
			name = Release;
		};
/* End XCBuildConfiguration section */

/* Begin XCConfigurationList section */
		214FA2671C3A85E2003CEE49 /* Build configuration list for PBXProject "iOSPlugin" */ = {
			isa = XCConfigurationList;
			buildConfigurations = (
				214FA2731C3A85E2003CEE49 /* Debug */,
				214FA2741C3A85E2003CEE49 /* Release */,
			);
			defaultConfigurationIsVisible = 0;
			defaultConfigurationName = Release;
		};
		214FA2751C3A85E2003CEE49 /* Build configuration list for PBXNativeTarget "iOSPlugin" */ = {
			isa = XCConfigurationList;
			buildConfigurations = (
				214FA2761C3A85E2003CEE49 /* Debug */,
				214FA2771C3A85E2003CEE49 /* Release */,
			);
			defaultConfigurationIsVisible = 0;
			defaultConfigurationName = Release;
		};
/* End XCConfigurationList section */
	};
	rootObject = 214FA2641C3A85E2003CEE49 /* Project object */;
}
