{
  "name": "node-python-playground",
  "version": "1.0.0",
  "lockfileVersion": 2,
  "requires": true,
  "packages": {
    "": {
      "name": "node-python-playground",
      "version": "1.0.0",
      "license": "ISC",
      "dependencies": {
        "node-calls-python": "^1.7.5"
      }
    },
    "node_modules/node-calls-python": {
      "version": "1.7.5",
      "resolved": "https://registry.npmjs.org/node-calls-python/-/node-calls-python-1.7.5.tgz",
      "integrity": "sha512-ugzfAxIUm4L5S5paQMzrvusTeaHUyO0SenBO2HUUzoivylHigvtyHbOkAFkJmlMXQzklgS4bEMv/gxx83YzR1g==",
      "hasInstallScript": true
    }
  },
  "dependencies": {
    "node-calls-python": {
      "version": "1.7.5",
      "resolved": "https://registry.npmjs.org/node-calls-python/-/node-calls-python-1.7.5.tgz",
      "integrity": "sha512-ugzfAxIUm4L5S5paQMzrvusTeaHUyO0SenBO2HUUzoivylHigvtyHbOkAFkJmlMXQzklgS4bEMv/gxx83YzR1g=="
    }
  }
}
